{
  "name": "pixel-stack",
  "version": "0.0.0-alpha0",
  "lockfileVersion": 3,
  "requires": true,
  "packages": {
    "": {
      "name": "pixel-stack",
      "version": "0.0.0-alpha0",
      "license": "MIT",
      "dependencies": {
        "broadutils": "github:NullPointerInclusion/broadutils"
      },
      "devDependencies": {
        "@types/node": "^25.0.5",
        "cafe": "github:NullPointerInclusion/cafe",
        "prettier": "^3.7.4",
        "typescript": "^5.9.3"
      }
    },
    "node_modules/@hono/node-server": {
      "version": "1.19.9",
      "resolved": "https://registry.npmjs.org/@hono/node-server/-/node-server-1.19.9.tgz",
      "integrity": "sha512-vHL6w3ecZsky+8P5MD+eFfaGTyCeOHUIFYMGpQGbrBTSmNNoxv0if69rEZ5giu36weC5saFuznL411gRX7bJDw==",
      "dev": true,
      "license": "MIT",
      "engines": {
        "node": ">=18.14.1"
      },
      "peerDependencies": {
        "hono": "^4"
      }
    },
    "node_modules/@types/node": {
      "version": "25.0.5",
      "resolved": "https://registry.npmjs.org/@types/node/-/node-25.0.5.tgz",
      "integrity": "sha512-FuLxeLuSVOqHPxSN1fkcD8DLU21gAP7nCKqGRJ/FglbCUBs0NYN6TpHcdmyLeh8C0KwGIaZQJSv+OYG+KZz+Gw==",
      "dev": true,
      "license": "MIT",
      "dependencies": {
        "undici-types": "~7.16.0"
      }
    },
    "node_modules/bookkeeper": {
      "version": "0.0.0-alpha.0",
      "resolved": "git+ssh://git@github.com/NullPointerInclusion/bookkeeper.git#f9b8e727163b57eec2945f5e284455e669ef794a",
      "dev": true,
      "license": "MIT"
    },
    "node_modules/broadutils": {
      "version": "0.0.0-alpha0",
      "resolved": "git+ssh://git@github.com/NullPointerInclusion/broadutils.git#165baf17b8d84f6785154904bad1f44897feb4b5",
      "license": "MIT"
    },
    "node_modules/cafe": {
      "version": "0.0.0-alpha2",
      "resolved": "git+ssh://git@github.com/NullPointerInclusion/cafe.git#cdcd493d6e32e1edae75c191326b2f40e9f7bb59",
      "dev": true,
      "license": "MIT",
      "dependencies": {
        "@hono/node-server": "^1.19.8",
        "bookkeeper": "github:NullPointerInclusion/bookkeeper",
        "broadutils": "github:NullPointerInclusion/broadutils",
        "hono": "^4.11.3",
        "mime-types": "^3.0.2"
      },
      "bin": {
        "cafe": "dist/bin.js"
      }
    },
    "node_modules/hono": {
      "version": "4.11.4",
      "resolved": "https://registry.npmjs.org/hono/-/hono-4.11.4.tgz",
      "integrity": "sha512-U7tt8JsyrxSRKspfhtLET79pU8K+tInj5QZXs1jSugO1Vq5dFj3kmZsRldo29mTBfcjDRVRXrEZ6LS63Cog9ZA==",
      "dev": true,
      "license": "MIT",
      "engines": {
        "node": ">=16.9.0"
      }
    },
    "node_modules/mime-db": {
      "version": "1.54.0",
      "resolved": "https://registry.npmjs.org/mime-db/-/mime-db-1.54.0.tgz",
      "integrity": "sha512-aU5EJuIN2WDemCcAp2vFBfp/m4EAhWJnUNSSw0ixs7/kXbd6Pg64EmwJkNdFhB8aWt1sH2CTXrLxo/iAGV3oPQ==",
      "dev": true,
      "license": "MIT",
      "engines": {
        "node": ">= 0.6"
      }
    },
    "node_modules/mime-types": {
      "version": "3.0.2",
      "resolved": "https://registry.npmjs.org/mime-types/-/mime-types-3.0.2.tgz",
      "integrity": "sha512-Lbgzdk0h4juoQ9fCKXW4by0UJqj+nOOrI9MJ1sSj4nI8aI2eo1qmvQEie4VD1glsS250n15LsWsYtCugiStS5A==",
      "dev": true,
      "license": "MIT",
      "dependencies": {
        "mime-db": "^1.54.0"
      },
      "engines": {
        "node": ">=18"
      },
      "funding": {
        "type": "opencollective",
        "url": "https://opencollective.com/express"
      }
    },
    "node_modules/prettier": {
      "version": "3.7.4",
      "resolved": "https://registry.npmjs.org/prettier/-/prettier-3.7.4.tgz",
      "integrity": "sha512-v6UNi1+3hSlVvv8fSaoUbggEM5VErKmmpGA7Pl3HF8V6uKY7rvClBOJlH6yNwQtfTueNkGVpOv/mtWL9L4bgRA==",
      "dev": true,
      "license": "MIT",
      "bin": {
        "prettier": "bin/prettier.cjs"
      },
      "engines": {
        "node": ">=14"
      },
      "funding": {
        "url": "https://github.com/prettier/prettier?sponsor=1"
      }
    },
    "node_modules/typescript": {
      "version": "5.9.3",
      "resolved": "https://registry.npmjs.org/typescript/-/typescript-5.9.3.tgz",
      "integrity": "sha512-jl1vZzPDinLr9eUt3J/t7V6FgNEw9QjvBPdysz9KfQDD41fQrC2Y4vKQdiaUpFT4bXlb1RHhLpp8wtm6M5TgSw==",
      "dev": true,
      "license": "Apache-2.0",
      "bin": {
        "tsc": "bin/tsc",
        "tsserver": "bin/tsserver"
      },
      "engines": {
        "node": ">=14.17"
      }
    },
    "node_modules/undici-types": {
      "version": "7.16.0",
      "resolved": "https://registry.npmjs.org/undici-types/-/undici-types-7.16.0.tgz",
      "integrity": "sha512-Zz+aZWSj8LE6zoxD+xrjh4VfkIG8Ya6LvYkZqtUQGJPZjYl53ypCaUwWqo7eI0x66KBGeRo+mlBEkMSeSZ38Nw==",
      "dev": true,
      "license": "MIT"
    }
  }
}
